github.com/DejagakunQow/dog v0.0.0-20250107235142-7e04c86e08f6 h1:gBiyUH4k/sN1O/XJiEis5+qMCteSWMeDKM1ywHSMqZM=
github.com/DejagakunQow/dog v0.0.0-20250107235142-7e04c86e08f6/go.mod h1:ySG+2jwxb8gbqHLUI86QLSzeaN1XMIb55HtFi5tEkNk=
github.com/DejagakunQow/dog v0.0.0-20250108000423-caf14f1c87df h1:wUkraQ2EsnopFL6ks9DjFfuTO5SsG4/+eMBlQb7TOOA=
github.com/DejagakunQow/dog v0.0.0-20250108000423-caf14f1c87df/go.mod h1:n7iNZIc6dNcHHQvJaHOYiJZJSlHXkhxfeWQqrA4bbt8=
