github.com/DejagakunQow/dog v0.0.0-20241231104315-008f62adb226 h1:wTe06v6GbP4GfuD5gWU8/fvBNr0/dsagbk8W773kgNc=
github.com/DejagakunQow/dog v0.0.0-20241231104315-008f62adb226/go.mod h1:n7iNZIc6dNcHHQvJaHOYiJZJSlHXkhxfeWQqrA4bbt8=
github.com/DejagakunQow/puppy v0.0.0-20241231111712-0b271dd2ba16 h1:oV7b0qkI8c3As56JgGlhRixeiYzT0J9buLNeZtqmBv4=
github.com/DejagakunQow/puppy v0.0.0-20241231111712-0b271dd2ba16/go.mod h1:Wzqr6qCe96HTX/mh2UvATxxgU3cEMm98rBgsI4tQs8Y=
github.com/DejagakunQow/puppy v0.1.0 h1:7UbrinTRAdhuiqkGJGN8gDB9lVuBYODhVVwQKBiacIY=
github.com/DejagakunQow/puppy v0.1.0/go.mod h1:ut240pAPeZqOzn3h3EWkoQAxVgvEkYmzRRJux0V4Y50=
